
Microsoft Visual Studio Solution File, Format Version 12.00
# Visual Studio Version 16
VisualStudioVersion = 16.0.31624.102
MinimumVisualStudioVersion = 10.0.40219.1
Project("{8BC9CEB8-8B4A-11D0-8D11-00A0C91BC942}") = "Project23", "Project23\Project23.vcxproj", "{490BFC79-A961-42AC-9C0F-C98C4AB235D9}"
EndProject
Global
	GlobalSection(SolutionConfigurationPlatforms) = preSolution
		Debug|x64 = Debug|x64
		Debug|x86 = Debug|x86
		Release|x64 = Release|x64
		Release|x86 = Release|x86
	EndGlobalSection
	GlobalSection(ProjectConfigurationPlatforms) = postSolution
		{490BFC79-A961-42AC-9C0F-C98C4AB235D9}.Debug|x64.ActiveCfg = Debug|x64
		{490BFC79-A961-42AC-9C0F-C98C4AB235D9}.Debug|x64.Build.0 = Debug|x64
		{490BFC79-A961-42AC-9C0F-C98C4AB235D9}.Debug|x86.ActiveCfg = Debug|Win32
		{490BFC79-A961-42AC-9C0F-C98C4AB235D9}.Debug|x86.Build.0 = Debug|Win32
		{490BFC79-A961-42AC-9C0F-C98C4AB235D9}.Release|x64.ActiveCfg = Release|x64
		{490BFC79-A961-42AC-9C0F-C98C4AB235D9}.Release|x64.Build.0 = Release|x64
		{490BFC79-A961-42AC-9C0F-C98C4AB235D9}.Release|x86.ActiveCfg = Release|Win32
		{490BFC79-A961-42AC-9C0F-C98C4AB235D9}.Release|x86.Build.0 = Release|Win32
	EndGlobalSection
	GlobalSection(SolutionProperties) = preSolution
		HideSolutionNode = FALSE
	EndGlobalSection
	GlobalSection(ExtensibilityGlobals) = postSolution
		SolutionGuid = {0E6E011B-F1BD-4896-B65C-1725321854F1}
	EndGlobalSection
EndGlobal
